
Microsoft Visual Studio Solution File, Format Version 12.00
# Visual Studio Version 16
VisualStudioVersion = 16.0.30804.86
MinimumVisualStudioVersion = 10.0.40219.1
Project("{FAE04EC0-301F-11D3-BF4B-00C04F79EFBC}") = "Historical_stock_data", "Historical_stock_data\Historical_stock_data.csproj", "{1C4563CD-6649-4D19-B576-43BEC8F7D3AD}"
EndProject
Global
	GlobalSection(SolutionConfigurationPlatforms) = preSolution
		Debug|Any CPU = Debug|Any CPU
		Release|Any CPU = Release|Any CPU
	EndGlobalSection
	GlobalSection(ProjectConfigurationPlatforms) = postSolution
		{1C4563CD-6649-4D19-B576-43BEC8F7D3AD}.Debug|Any CPU.ActiveCfg = Debug|Any CPU
		{1C4563CD-6649-4D19-B576-43BEC8F7D3AD}.Debug|Any CPU.Build.0 = Debug|Any CPU
		{1C4563CD-6649-4D19-B576-43BEC8F7D3AD}.Release|Any CPU.ActiveCfg = Release|Any CPU
		{1C4563CD-6649-4D19-B576-43BEC8F7D3AD}.Release|Any CPU.Build.0 = Release|Any CPU
	EndGlobalSection
	GlobalSection(SolutionProperties) = preSolution
		HideSolutionNode = FALSE
	EndGlobalSection
	GlobalSection(ExtensibilityGlobals) = postSolution
		SolutionGuid = {FF0D0DB3-5185-42AD-91AF-142907B4A47C}
	EndGlobalSection
EndGlobal
